
Microsoft Visual Studio Solution File, Format Version 12.00
# Visual Studio Version 17
VisualStudioVersion = 17.3.32519.111
MinimumVisualStudioVersion = 10.0.40219.1
Project("{FAE04EC0-301F-11D3-BF4B-00C04F79EFBC}") = "MegaBox.Android", "MegaBox\MegaBox.Android\MegaBox.Android.csproj", "{59D3D328-077B-4727-8446-48EDF078E79F}"
EndProject
Project("{FAE04EC0-301F-11D3-BF4B-00C04F79EFBC}") = "MegaBox.UWP", "MegaBox\MegaBox.UWP\MegaBox.UWP.csproj", "{461F3B83-2F4F-43F4-9FB9-7CEB809F73E9}"
EndProject
Project("{FAE04EC0-301F-11D3-BF4B-00C04F79EFBC}") = "MegaBox.iOS", "MegaBox\MegaBox.iOS\MegaBox.iOS.csproj", "{DA8F5095-A6C5-42AB-B09D-B4284804AE1B}"
EndProject
Project("{9A19103F-16F7-4668-BE54-9A1E7A4F7556}") = "MegaBox", "MegaBox\MegaBox\MegaBox.csproj", "{71D50C93-DDB7-4C68-818F-2D3E507E8600}"
EndProject
Project("{9A19103F-16F7-4668-BE54-9A1E7A4F7556}") = "MegaLib", "MegaBox\MegaLib\MegaLib.csproj", "{FF6ACBB8-F181-444E-A659-5A182239C6C0}"
EndProject
Global
	GlobalSection(SolutionConfigurationPlatforms) = preSolution
		Ad-Hoc|Any CPU = Ad-Hoc|Any CPU
		Ad-Hoc|ARM = Ad-Hoc|ARM
		Ad-Hoc|iPhone = Ad-Hoc|iPhone
		Ad-Hoc|iPhoneSimulator = Ad-Hoc|iPhoneSimulator
		Ad-Hoc|x64 = Ad-Hoc|x64
		Ad-Hoc|x86 = Ad-Hoc|x86
		AppStore|Any CPU = AppStore|Any CPU
		AppStore|ARM = AppStore|ARM
		AppStore|iPhone = AppStore|iPhone
		AppStore|iPhoneSimulator = AppStore|iPhoneSimulator
		AppStore|x64 = AppStore|x64
		AppStore|x86 = AppStore|x86
		Debug|Any CPU = Debug|Any CPU
		Debug|ARM = Debug|ARM
		Debug|iPhone = Debug|iPhone
		Debug|iPhoneSimulator = Debug|iPhoneSimulator
		Debug|x64 = Debug|x64
		Debug|x86 = Debug|x86
		Release|Any CPU = Release|Any CPU
		Release|ARM = Release|ARM
		Release|iPhone = Release|iPhone
		Release|iPhoneSimulator = Release|iPhoneSimulator
		Release|x64 = Release|x64
		Release|x86 = Release|x86
	EndGlobalSection
	GlobalSection(ProjectConfigurationPlatforms) = postSolution
		{59D3D328-077B-4727-8446-48EDF078E79F}.Ad-Hoc|Any CPU.ActiveCfg = Release|Any CPU
		{59D3D328-077B-4727-8446-48EDF078E79F}.Ad-Hoc|Any CPU.Build.0 = Release|Any CPU
		{59D3D328-077B-4727-8446-48EDF078E79F}.Ad-Hoc|Any CPU.Deploy.0 = Release|Any CPU
		{59D3D328-077B-4727-8446-48EDF078E79F}.Ad-Hoc|ARM.ActiveCfg = Release|Any CPU
		{59D3D328-077B-4727-8446-48EDF078E79F}.Ad-Hoc|ARM.Build.0 = Release|Any CPU
		{59D3D328-077B-4727-8446-48EDF078E79F}.Ad-Hoc|ARM.Deploy.0 = Release|Any CPU
		{59D3D328-077B-4727-8446-48EDF078E79F}.Ad-Hoc|iPhone.ActiveCfg = Release|Any CPU
		{59D3D328-077B-4727-8446-48EDF078E79F}.Ad-Hoc|iPhone.Build.0 = Release|Any CPU
		{59D3D328-077B-4727-8446-48EDF078E79F}.Ad-Hoc|iPhone.Deploy.0 = Release|Any CPU
		{59D3D328-077B-4727-8446-48EDF078E79F}.Ad-Hoc|iPhoneSimulator.ActiveCfg = Release|Any CPU
		{59D3D328-077B-4727-8446-48EDF078E79F}.Ad-Hoc|iPhoneSimulator.Build.0 = Release|Any CPU
		{59D3D328-077B-4727-8446-48EDF078E79F}.Ad-Hoc|iPhoneSimulator.Deploy.0 = Release|Any CPU
		{59D3D328-077B-4727-8446-48EDF078E79F}.Ad-Hoc|x64.ActiveCfg = Release|Any CPU
		{59D3D328-077B-4727-8446-48EDF078E79F}.Ad-Hoc|x64.Build.0 = Release|Any CPU
		{59D3D328-077B-4727-8446-48EDF078E79F}.Ad-Hoc|x64.Deploy.0 = Release|Any CPU
		{59D3D328-077B-4727-8446-48EDF078E79F}.Ad-Hoc|x86.ActiveCfg = Release|Any CPU
		{59D3D328-077B-4727-8446-48EDF078E79F}.Ad-Hoc|x86.Build.0 = Release|Any CPU
		{59D3D328-077B-4727-8446-48EDF078E79F}.Ad-Hoc|x86.Deploy.0 = Release|Any CPU
		{59D3D328-077B-4727-8446-48EDF078E79F}.AppStore|Any CPU.ActiveCfg = Release|Any CPU
		{59D3D328-077B-4727-8446-48EDF078E79F}.AppStore|Any CPU.Build.0 = Release|Any CPU
		{59D3D328-077B-4727-8446-48EDF078E79F}.AppStore|Any CPU.Deploy.0 = Release|Any CPU
		{59D3D328-077B-4727-8446-48EDF078E79F}.AppStore|ARM.ActiveCfg = Release|Any CPU
		{59D3D328-077B-4727-8446-48EDF078E79F}.AppStore|ARM.Build.0 = Release|Any CPU
		{59D3D328-077B-4727-8446-48EDF078E79F}.AppStore|ARM.Deploy.0 = Release|Any CPU
		{59D3D328-077B-4727-8446-48EDF078E79F}.AppStore|iPhone.ActiveCfg = Release|Any CPU
		{59D3D328-077B-4727-8446-48EDF078E79F}.AppStore|iPhone.Build.0 = Release|Any CPU
		{59D3D328-077B-4727-8446-48EDF078E79F}.AppStore|iPhone.Deploy.0 = Release|Any CPU
		{59D3D328-077B-4727-8446-48EDF078E79F}.AppStore|iPhoneSimulator.ActiveCfg = Release|Any CPU
		{59D3D328-077B-4727-8446-48EDF078E79F}.AppStore|iPhoneSimulator.Build.0 = Release|Any CPU
		{59D3D328-077B-4727-8446-48EDF078E79F}.AppStore|iPhoneSimulator.Deploy.0 = Release|Any CPU
		{59D3D328-077B-4727-8446-48EDF078E79F}.AppStore|x64.ActiveCfg = Release|Any CPU
		{59D3D328-077B-4727-8446-48EDF078E79F}.AppStore|x64.Build.0 = Release|Any CPU
		{59D3D328-077B-4727-8446-48EDF078E79F}.AppStore|x64.Deploy.0 = Release|Any CPU
		{59D3D328-077B-4727-8446-48EDF078E79F}.AppStore|x86.ActiveCfg = Release|Any CPU
		{59D3D328-077B-4727-8446-48EDF078E79F}.AppStore|x86.Build.0 = Release|Any CPU
		{59D3D328-077B-4727-8446-48EDF078E79F}.AppStore|x86.Deploy.0 = Release|Any CPU
		{59D3D328-077B-4727-8446-48EDF078E79F}.Debug|Any CPU.ActiveCfg = Debug|Any CPU
		{59D3D328-077B-4727-8446-48EDF078E79F}.Debug|Any CPU.Build.0 = Debug|Any CPU
		{59D3D328-077B-4727-8446-48EDF078E79F}.Debug|Any CPU.Deploy.0 = Debug|Any CPU
		{59D3D328-077B-4727-8446-48EDF078E79F}.Debug|ARM.ActiveCfg = Debug|Any CPU
		{59D3D328-077B-4727-8446-48EDF078E79F}.Debug|ARM.Build.0 = Debug|Any CPU
		{59D3D328-077B-4727-8446-48EDF078E79F}.Debug|ARM.Deploy.0 = Debug|Any CPU
		{59D3D328-077B-4727-8446-48EDF078E79F}.Debug|iPhone.ActiveCfg = Debug|Any CPU
		{59D3D328-077B-4727-8446-48EDF078E79F}.Debug|iPhone.Build.0 = Debug|Any CPU
		{59D3D328-077B-4727-8446-48EDF078E79F}.Debug|iPhone.Deploy.0 = Debug|Any CPU
		{59D3D328-077B-4727-8446-48EDF078E79F}.Debug|iPhoneSimulator.ActiveCfg = Debug|Any CPU
		{59D3D328-077B-4727-8446-48EDF078E79F}.Debug|iPhoneSimulator.Build.0 = Debug|Any CPU
		{59D3D328-077B-4727-8446-48EDF078E79F}.Debug|iPhoneSimulator.Deploy.0 = Debug|Any CPU
		{59D3D328-077B-4727-8446-48EDF078E79F}.Debug|x64.ActiveCfg = Debug|Any CPU
		{59D3D328-077B-4727-8446-48EDF078E79F}.Debug|x64.Build.0 = Debug|Any CPU
		{59D3D328-077B-4727-8446-48EDF078E79F}.Debug|x64.Deploy.0 = Debug|Any CPU
		{59D3D328-077B-4727-8446-48EDF078E79F}.Debug|x86.ActiveCfg = Debug|Any CPU
		{59D3D328-077B-4727-8446-48EDF078E79F}.Debug|x86.Build.0 = Debug|Any CPU
		{59D3D328-077B-4727-8446-48EDF078E79F}.Debug|x86.Deploy.0 = Debug|Any CPU
		{59D3D328-077B-4727-8446-48EDF078E79F}.Release|Any CPU.ActiveCfg = Release|Any CPU
		{59D3D328-077B-4727-8446-48EDF078E79F}.Release|Any CPU.Build.0 = Release|Any CPU
		{59D3D328-077B-4727-8446-48EDF078E79F}.Release|Any CPU.Deploy.0 = Release|Any CPU
		{59D3D328-077B-4727-8446-48EDF078E79F}.Release|ARM.ActiveCfg = Release|Any CPU
		{59D3D328-077B-4727-8446-48EDF078E79F}.Release|ARM.Build.0 = Release|Any CPU
		{59D3D328-077B-4727-8446-48EDF078E79F}.Release|ARM.Deploy.0 = Release|Any CPU
		{59D3D328-077B-4727-8446-48EDF078E79F}.Release|iPhone.ActiveCfg = Release|Any CPU
		{59D3D328-077B-4727-8446-48EDF078E79F}.Release|iPhone.Build.0 = Release|Any CPU
		{59D3D328-077B-4727-8446-48EDF078E79F}.Release|iPhone.Deploy.0 = Release|Any CPU
		{59D3D328-077B-4727-8446-48EDF078E79F}.Release|iPhoneSimulator.ActiveCfg = Release|Any CPU
		{59D3D328-077B-4727-8446-48EDF078E79F}.Release|iPhoneSimulator.Build.0 = Release|Any CPU
		{59D3D328-077B-4727-8446-48EDF078E79F}.Release|iPhoneSimulator.Deploy.0 = Release|Any CPU
		{59D3D328-077B-4727-8446-48EDF078E79F}.Release|x64.ActiveCfg = Release|Any CPU
		{59D3D328-077B-4727-8446-48EDF078E79F}.Release|x64.Build.0 = Release|Any CPU
		{59D3D328-077B-4727-8446-48EDF078E79F}.Release|x64.Deploy.0 = Release|Any CPU
		{59D3D328-077B-4727-8446-48EDF078E79F}.Release|x86.ActiveCfg = Release|Any CPU
		{59D3D328-077B-4727-8446-48EDF078E79F}.Release|x86.Build.0 = Release|Any CPU
		{59D3D328-077B-4727-8446-48EDF078E79F}.Release|x86.Deploy.0 = Release|Any CPU
		{461F3B83-2F4F-43F4-9FB9-7CEB809F73E9}.Ad-Hoc|Any CPU.ActiveCfg = Release|x86
		{461F3B83-2F4F-43F4-9FB9-7CEB809F73E9}.Ad-Hoc|Any CPU.Build.0 = Release|x86
		{461F3B83-2F4F-43F4-9FB9-7CEB809F73E9}.Ad-Hoc|Any CPU.Deploy.0 = Release|x86
		{461F3B83-2F4F-43F4-9FB9-7CEB809F73E9}.Ad-Hoc|ARM.ActiveCfg = Release|ARM
		{461F3B83-2F4F-43F4-9FB9-7CEB809F73E9}.Ad-Hoc|ARM.Build.0 = Release|ARM
		{461F3B83-2F4F-43F4-9FB9-7CEB809F73E9}.Ad-Hoc|ARM.Deploy.0 = Release|ARM
		{461F3B83-2F4F-43F4-9FB9-7CEB809F73E9}.Ad-Hoc|iPhone.ActiveCfg = Release|x86
		{461F3B83-2F4F-43F4-9FB9-7CEB809F73E9}.Ad-Hoc|iPhone.Build.0 = Release|x86
		{461F3B83-2F4F-43F4-9FB9-7CEB809F73E9}.Ad-Hoc|iPhone.Deploy.0 = Release|x86
		{461F3B83-2F4F-43F4-9FB9-7CEB809F73E9}.Ad-Hoc|iPhoneSimulator.ActiveCfg = Release|x86
		{461F3B83-2F4F-43F4-9FB9-7CEB809F73E9}.Ad-Hoc|iPhoneSimulator.Build.0 = Release|x86
		{461F3B83-2F4F-43F4-9FB9-7CEB809F73E9}.Ad-Hoc|iPhoneSimulator.Deploy.0 = Release|x86
		{461F3B83-2F4F-43F4-9FB9-7CEB809F73E9}.Ad-Hoc|x64.ActiveCfg = Release|x64
		{461F3B83-2F4F-43F4-9FB9-7CEB809F73E9}.Ad-Hoc|x64.Build.0 = Release|x64
		{461F3B83-2F4F-43F4-9FB9-7CEB809F73E9}.Ad-Hoc|x64.Deploy.0 = Release|x64
		{461F3B83-2F4F-43F4-9FB9-7CEB809F73E9}.Ad-Hoc|x86.ActiveCfg = Release|x86
		{461F3B83-2F4F-43F4-9FB9-7CEB809F73E9}.Ad-Hoc|x86.Build.0 = Release|x86
		{461F3B83-2F4F-43F4-9FB9-7CEB809F73E9}.Ad-Hoc|x86.Deploy.0 = Release|x86
		{461F3B83-2F4F-43F4-9FB9-7CEB809F73E9}.AppStore|Any CPU.ActiveCfg = Release|x86
		{461F3B83-2F4F-43F4-9FB9-7CEB809F73E9}.AppStore|Any CPU.Build.0 = Release|x86
		{461F3B83-2F4F-43F4-9FB9-7CEB809F73E9}.AppStore|Any CPU.Deploy.0 = Release|x86
		{461F3B83-2F4F-43F4-9FB9-7CEB809F73E9}.AppStore|ARM.ActiveCfg = Release|ARM
		{461F3B83-2F4F-43F4-9FB9-7CEB809F73E9}.AppStore|ARM.Build.0 = Release|ARM
		{461F3B83-2F4F-43F4-9FB9-7CEB809F73E9}.AppStore|ARM.Deploy.0 = Release|ARM
		{461F3B83-2F4F-43F4-9FB9-7CEB809F73E9}.AppStore|iPhone.ActiveCfg = Release|x86
		{461F3B83-2F4F-43F4-9FB9-7CEB809F73E9}.AppStore|iPhone.Build.0 = Release|x86
		{461F3B83-2F4F-43F4-9FB9-7CEB809F73E9}.AppStore|iPhone.Deploy.0 = Release|x86
		{461F3B83-2F4F-43F4-9FB9-7CEB809F73E9}.AppStore|iPhoneSimulator.ActiveCfg = Release|x86
		{461F3B83-2F4F-43F4-9FB9-7CEB809F73E9}.AppStore|iPhoneSimulator.Build.0 = Release|x86
		{461F3B83-2F4F-43F4-9FB9-7CEB809F73E9}.AppStore|iPhoneSimulator.Deploy.0 = Release|x86
		{461F3B83-2F4F-43F4-9FB9-7CEB809F73E9}.AppStore|x64.ActiveCfg = Release|x64
		{461F3B83-2F4F-43F4-9FB9-7CEB809F73E9}.AppStore|x64.Build.0 = Release|x64
		{461F3B83-2F4F-43F4-9FB9-7CEB809F73E9}.AppStore|x64.Deploy.0 = Release|x64
		{461F3B83-2F4F-43F4-9FB9-7CEB809F73E9}.AppStore|x86.ActiveCfg = Release|x86
		{461F3B83-2F4F-43F4-9FB9-7CEB809F73E9}.AppStore|x86.Build.0 = Release|x86
		{461F3B83-2F4F-43F4-9FB9-7CEB809F73E9}.AppStore|x86.Deploy.0 = Release|x86
		{461F3B83-2F4F-43F4-9FB9-7CEB809F73E9}.Debug|Any CPU.ActiveCfg = Debug|x86
		{461F3B83-2F4F-43F4-9FB9-7CEB809F73E9}.Debug|Any CPU.Build.0 = Debug|x86
		{461F3B83-2F4F-43F4-9FB9-7CEB809F73E9}.Debug|Any CPU.Deploy.0 = Debug|x86
		{461F3B83-2F4F-43F4-9FB9-7CEB809F73E9}.Debug|ARM.ActiveCfg = Debug|ARM
		{461F3B83-2F4F-43F4-9FB9-7CEB809F73E9}.Debug|ARM.Build.0 = Debug|ARM
		{461F3B83-2F4F-43F4-9FB9-7CEB809F73E9}.Debug|ARM.Deploy.0 = Debug|ARM
		{461F3B83-2F4F-43F4-9FB9-7CEB809F73E9}.Debug|iPhone.ActiveCfg = Debug|x86
		{461F3B83-2F4F-43F4-9FB9-7CEB809F73E9}.Debug|iPhoneSimulator.ActiveCfg = Debug|x86
		{461F3B83-2F4F-43F4-9FB9-7CEB809F73E9}.Debug|x64.ActiveCfg = Debug|x64
		{461F3B83-2F4F-43F4-9FB9-7CEB809F73E9}.Debug|x64.Build.0 = Debug|x64
		{461F3B83-2F4F-43F4-9FB9-7CEB809F73E9}.Debug|x64.Deploy.0 = Debug|x64
		{461F3B83-2F4F-43F4-9FB9-7CEB809F73E9}.Debug|x86.ActiveCfg = Debug|x86
		{461F3B83-2F4F-43F4-9FB9-7CEB809F73E9}.Debug|x86.Build.0 = Debug|x86
		{461F3B83-2F4F-43F4-9FB9-7CEB809F73E9}.Debug|x86.Deploy.0 = Debug|x86
		{461F3B83-2F4F-43F4-9FB9-7CEB809F73E9}.Release|Any CPU.ActiveCfg = Release|x86
		{461F3B83-2F4F-43F4-9FB9-7CEB809F73E9}.Release|ARM.ActiveCfg = Release|ARM
		{461F3B83-2F4F-43F4-9FB9-7CEB809F73E9}.Release|ARM.Build.0 = Release|ARM
		{461F3B83-2F4F-43F4-9FB9-7CEB809F73E9}.Release|ARM.Deploy.0 = Release|ARM
		{461F3B83-2F4F-43F4-9FB9-7CEB809F73E9}.Release|iPhone.ActiveCfg = Release|x86
		{461F3B83-2F4F-43F4-9FB9-7CEB809F73E9}.Release|iPhoneSimulator.ActiveCfg = Release|x86
		{461F3B83-2F4F-43F4-9FB9-7CEB809F73E9}.Release|x64.ActiveCfg = Release|x64
		{461F3B83-2F4F-43F4-9FB9-7CEB809F73E9}.Release|x64.Build.0 = Release|x64
		{461F3B83-2F4F-43F4-9FB9-7CEB809F73E9}.Release|x64.Deploy.0 = Release|x64
		{461F3B83-2F4F-43F4-9FB9-7CEB809F73E9}.Release|x86.ActiveCfg = Release|x86
		{461F3B83-2F4F-43F4-9FB9-7CEB809F73E9}.Release|x86.Build.0 = Release|x86
		{461F3B83-2F4F-43F4-9FB9-7CEB809F73E9}.Release|x86.Deploy.0 = Release|x86
		{DA8F5095-A6C5-42AB-B09D-B4284804AE1B}.Ad-Hoc|Any CPU.ActiveCfg = Ad-Hoc|iPhone
		{DA8F5095-A6C5-42AB-B09D-B4284804AE1B}.Ad-Hoc|ARM.ActiveCfg = Ad-Hoc|iPhone
		{DA8F5095-A6C5-42AB-B09D-B4284804AE1B}.Ad-Hoc|iPhone.ActiveCfg = Ad-Hoc|iPhone
		{DA8F5095-A6C5-42AB-B09D-B4284804AE1B}.Ad-Hoc|iPhone.Build.0 = Ad-Hoc|iPhone
		{DA8F5095-A6C5-42AB-B09D-B4284804AE1B}.Ad-Hoc|iPhoneSimulator.ActiveCfg = Ad-Hoc|iPhoneSimulator
		{DA8F5095-A6C5-42AB-B09D-B4284804AE1B}.Ad-Hoc|iPhoneSimulator.Build.0 = Ad-Hoc|iPhoneSimulator
		{DA8F5095-A6C5-42AB-B09D-B4284804AE1B}.Ad-Hoc|x64.ActiveCfg = Ad-Hoc|iPhone
		{DA8F5095-A6C5-42AB-B09D-B4284804AE1B}.Ad-Hoc|x86.ActiveCfg = Ad-Hoc|iPhone
		{DA8F5095-A6C5-42AB-B09D-B4284804AE1B}.AppStore|Any CPU.ActiveCfg = AppStore|iPhone
		{DA8F5095-A6C5-42AB-B09D-B4284804AE1B}.AppStore|ARM.ActiveCfg = AppStore|iPhone
		{DA8F5095-A6C5-42AB-B09D-B4284804AE1B}.AppStore|iPhone.ActiveCfg = AppStore|iPhone
		{DA8F5095-A6C5-42AB-B09D-B4284804AE1B}.AppStore|iPhone.Build.0 = AppStore|iPhone
		{DA8F5095-A6C5-42AB-B09D-B4284804AE1B}.AppStore|iPhoneSimulator.ActiveCfg = AppStore|iPhoneSimulator
		{DA8F5095-A6C5-42AB-B09D-B4284804AE1B}.AppStore|iPhoneSimulator.Build.0 = AppStore|iPhoneSimulator
		{DA8F5095-A6C5-42AB-B09D-B4284804AE1B}.AppStore|x64.ActiveCfg = AppStore|iPhone
		{DA8F5095-A6C5-42AB-B09D-B4284804AE1B}.AppStore|x86.ActiveCfg = AppStore|iPhone
		{DA8F5095-A6C5-42AB-B09D-B4284804AE1B}.Debug|Any CPU.ActiveCfg = Debug|iPhone
		{DA8F5095-A6C5-42AB-B09D-B4284804AE1B}.Debug|ARM.ActiveCfg = Debug|iPhone
		{DA8F5095-A6C5-42AB-B09D-B4284804AE1B}.Debug|iPhone.ActiveCfg = Debug|iPhone
		{DA8F5095-A6C5-42AB-B09D-B4284804AE1B}.Debug|iPhone.Build.0 = Debug|iPhone
		{DA8F5095-A6C5-42AB-B09D-B4284804AE1B}.Debug|iPhoneSimulator.ActiveCfg = Debug|iPhoneSimulator
		{DA8F5095-A6C5-42AB-B09D-B4284804AE1B}.Debug|iPhoneSimulator.Build.0 = Debug|iPhoneSimulator
		{DA8F5095-A6C5-42AB-B09D-B4284804AE1B}.Debug|x64.ActiveCfg = Debug|iPhone
		{DA8F5095-A6C5-42AB-B09D-B4284804AE1B}.Debug|x86.ActiveCfg = Debug|iPhone
		{DA8F5095-A6C5-42AB-B09D-B4284804AE1B}.Debug|x86.Build.0 = Debug|iPhone
		{DA8F5095-A6C5-42AB-B09D-B4284804AE1B}.Release|Any CPU.ActiveCfg = Release|iPhone
		{DA8F5095-A6C5-42AB-B09D-B4284804AE1B}.Release|ARM.ActiveCfg = Release|iPhone
		{DA8F5095-A6C5-42AB-B09D-B4284804AE1B}.Release|iPhone.ActiveCfg = Release|iPhone
		{DA8F5095-A6C5-42AB-B09D-B4284804AE1B}.Release|iPhone.Build.0 = Release|iPhone
		{DA8F5095-A6C5-42AB-B09D-B4284804AE1B}.Release|iPhoneSimulator.ActiveCfg = Release|iPhoneSimulator
		{DA8F5095-A6C5-42AB-B09D-B4284804AE1B}.Release|iPhoneSimulator.Build.0 = Release|iPhoneSimulator
		{DA8F5095-A6C5-42AB-B09D-B4284804AE1B}.Release|x64.ActiveCfg = Release|iPhone
		{DA8F5095-A6C5-42AB-B09D-B4284804AE1B}.Release|x86.ActiveCfg = Release|iPhone
		{71D50C93-DDB7-4C68-818F-2D3E507E8600}.Ad-Hoc|Any CPU.ActiveCfg = Debug|Any CPU
		{71D50C93-DDB7-4C68-818F-2D3E507E8600}.Ad-Hoc|Any CPU.Build.0 = Debug|Any CPU
		{71D50C93-DDB7-4C68-818F-2D3E507E8600}.Ad-Hoc|ARM.ActiveCfg = Debug|Any CPU
		{71D50C93-DDB7-4C68-818F-2D3E507E8600}.Ad-Hoc|ARM.Build.0 = Debug|Any CPU
		{71D50C93-DDB7-4C68-818F-2D3E507E8600}.Ad-Hoc|iPhone.ActiveCfg = Debug|Any CPU
		{71D50C93-DDB7-4C68-818F-2D3E507E8600}.Ad-Hoc|iPhone.Build.0 = Debug|Any CPU
		{71D50C93-DDB7-4C68-818F-2D3E507E8600}.Ad-Hoc|iPhoneSimulator.ActiveCfg = Debug|Any CPU
		{71D50C93-DDB7-4C68-818F-2D3E507E8600}.Ad-Hoc|iPhoneSimulator.Build.0 = Debug|Any CPU
		{71D50C93-DDB7-4C68-818F-2D3E507E8600}.Ad-Hoc|x64.ActiveCfg = Debug|Any CPU
		{71D50C93-DDB7-4C68-818F-2D3E507E8600}.Ad-Hoc|x64.Build.0 = Debug|Any CPU
		{71D50C93-DDB7-4C68-818F-2D3E507E8600}.Ad-Hoc|x86.ActiveCfg = Debug|Any CPU
		{71D50C93-DDB7-4C68-818F-2D3E507E8600}.Ad-Hoc|x86.Build.0 = Debug|Any CPU
		{71D50C93-DDB7-4C68-818F-2D3E507E8600}.AppStore|Any CPU.ActiveCfg = Debug|Any CPU
		{71D50C93-DDB7-4C68-818F-2D3E507E8600}.AppStore|Any CPU.Build.0 = Debug|Any CPU
		{71D50C93-DDB7-4C68-818F-2D3E507E8600}.AppStore|ARM.ActiveCfg = Debug|Any CPU
		{71D50C93-DDB7-4C68-818F-2D3E507E8600}.AppStore|ARM.Build.0 = Debug|Any CPU
		{71D50C93-DDB7-4C68-818F-2D3E507E8600}.AppStore|iPhone.ActiveCfg = Debug|Any CPU
		{71D50C93-DDB7-4C68-818F-2D3E507E8600}.AppStore|iPhone.Build.0 = Debug|Any CPU
		{71D50C93-DDB7-4C68-818F-2D3E507E8600}.AppStore|iPhoneSimulator.ActiveCfg = Debug|Any CPU
		{71D50C93-DDB7-4C68-818F-2D3E507E8600}.AppStore|iPhoneSimulator.Build.0 = Debug|Any CPU
		{71D50C93-DDB7-4C68-818F-2D3E507E8600}.AppStore|x64.ActiveCfg = Debug|Any CPU
		{71D50C93-DDB7-4C68-818F-2D3E507E8600}.AppStore|x64.Build.0 = Debug|Any CPU
		{71D50C93-DDB7-4C68-818F-2D3E507E8600}.AppStore|x86.ActiveCfg = Debug|Any CPU
		{71D50C93-DDB7-4C68-818F-2D3E507E8600}.AppStore|x86.Build.0 = Debug|Any CPU
		{71D50C93-DDB7-4C68-818F-2D3E507E8600}.Debug|Any CPU.ActiveCfg = Debug|Any CPU
		{71D50C93-DDB7-4C68-818F-2D3E507E8600}.Debug|Any CPU.Build.0 = Debug|Any CPU
		{71D50C93-DDB7-4C68-818F-2D3E507E8600}.Debug|ARM.ActiveCfg = Debug|Any CPU
		{71D50C93-DDB7-4C68-818F-2D3E507E8600}.Debug|ARM.Build.0 = Debug|Any CPU
		{71D50C93-DDB7-4C68-818F-2D3E507E8600}.Debug|iPhone.ActiveCfg = Debug|Any CPU
		{71D50C93-DDB7-4C68-818F-2D3E507E8600}.Debug|iPhone.Build.0 = Debug|Any CPU
		{71D50C93-DDB7-4C68-818F-2D3E507E8600}.Debug|iPhoneSimulator.ActiveCfg = Debug|Any CPU
		{71D50C93-DDB7-4C68-818F-2D3E507E8600}.Debug|iPhoneSimulator.Build.0 = Debug|Any CPU
		{71D50C93-DDB7-4C68-818F-2D3E507E8600}.Debug|x64.ActiveCfg = Debug|Any CPU
		{71D50C93-DDB7-4C68-818F-2D3E507E8600}.Debug|x64.Build.0 = Debug|Any CPU
		{71D50C93-DDB7-4C68-818F-2D3E507E8600}.Debug|x86.ActiveCfg = Debug|Any CPU
		{71D50C93-DDB7-4C68-818F-2D3E507E8600}.Debug|x86.Build.0 = Debug|Any CPU
		{71D50C93-DDB7-4C68-818F-2D3E507E8600}.Release|Any CPU.ActiveCfg = Release|Any CPU
		{71D50C93-DDB7-4C68-818F-2D3E507E8600}.Release|Any CPU.Build.0 = Release|Any CPU
		{71D50C93-DDB7-4C68-818F-2D3E507E8600}.Release|ARM.ActiveCfg = Release|Any CPU
		{71D50C93-DDB7-4C68-818F-2D3E507E8600}.Release|ARM.Build.0 = Release|Any CPU
		{71D50C93-DDB7-4C68-818F-2D3E507E8600}.Release|iPhone.ActiveCfg = Release|Any CPU
		{71D50C93-DDB7-4C68-818F-2D3E507E8600}.Release|iPhone.Build.0 = Release|Any CPU
		{71D50C93-DDB7-4C68-818F-2D3E507E8600}.Release|iPhoneSimulator.ActiveCfg = Release|Any CPU
		{71D50C93-DDB7-4C68-818F-2D3E507E8600}.Release|iPhoneSimulator.Build.0 = Release|Any CPU
		{71D50C93-DDB7-4C68-818F-2D3E507E8600}.Release|x64.ActiveCfg = Release|Any CPU
		{71D50C93-DDB7-4C68-818F-2D3E507E8600}.Release|x64.Build.0 = Release|Any CPU
		{71D50C93-DDB7-4C68-818F-2D3E507E8600}.Release|x86.ActiveCfg = Release|Any CPU
		{71D50C93-DDB7-4C68-818F-2D3E507E8600}.Release|x86.Build.0 = Release|Any CPU
		{FF6ACBB8-F181-444E-A659-5A182239C6C0}.Ad-Hoc|Any CPU.ActiveCfg = Debug|Any CPU
		{FF6ACBB8-F181-444E-A659-5A182239C6C0}.Ad-Hoc|Any CPU.Build.0 = Debug|Any CPU
		{FF6ACBB8-F181-444E-A659-5A182239C6C0}.Ad-Hoc|ARM.ActiveCfg = Debug|Any CPU
		{FF6ACBB8-F181-444E-A659-5A182239C6C0}.Ad-Hoc|ARM.Build.0 = Debug|Any CPU
		{FF6ACBB8-F181-444E-A659-5A182239C6C0}.Ad-Hoc|iPhone.ActiveCfg = Debug|Any CPU
		{FF6ACBB8-F181-444E-A659-5A182239C6C0}.Ad-Hoc|iPhone.Build.0 = Debug|Any CPU
		{FF6ACBB8-F181-444E-A659-5A182239C6C0}.Ad-Hoc|iPhoneSimulator.ActiveCfg = Debug|Any CPU
		{FF6ACBB8-F181-444E-A659-5A182239C6C0}.Ad-Hoc|iPhoneSimulator.Build.0 = Debug|Any CPU
		{FF6ACBB8-F181-444E-A659-5A182239C6C0}.Ad-Hoc|x64.ActiveCfg = Debug|Any CPU
		{FF6ACBB8-F181-444E-A659-5A182239C6C0}.Ad-Hoc|x64.Build.0 = Debug|Any CPU
		{FF6ACBB8-F181-444E-A659-5A182239C6C0}.Ad-Hoc|x86.ActiveCfg = Debug|Any CPU
		{FF6ACBB8-F181-444E-A659-5A182239C6C0}.Ad-Hoc|x86.Build.0 = Debug|Any CPU
		{FF6ACBB8-F181-444E-A659-5A182239C6C0}.AppStore|Any CPU.ActiveCfg = Debug|Any CPU
		{FF6ACBB8-F181-444E-A659-5A182239C6C0}.AppStore|Any CPU.Build.0 = Debug|Any CPU
		{FF6ACBB8-F181-444E-A659-5A182239C6C0}.AppStore|ARM.ActiveCfg = Debug|Any CPU
		{FF6ACBB8-F181-444E-A659-5A182239C6C0}.AppStore|ARM.Build.0 = Debug|Any CPU
		{FF6ACBB8-F181-444E-A659-5A182239C6C0}.AppStore|iPhone.ActiveCfg = Debug|Any CPU
		{FF6ACBB8-F181-444E-A659-5A182239C6C0}.AppStore|iPhone.Build.0 = Debug|Any CPU
		{FF6ACBB8-F181-444E-A659-5A182239C6C0}.AppStore|iPhoneSimulator.ActiveCfg = Debug|Any CPU
		{FF6ACBB8-F181-444E-A659-5A182239C6C0}.AppStore|iPhoneSimulator.Build.0 = Debug|Any CPU
		{FF6ACBB8-F181-444E-A659-5A182239C6C0}.AppStore|x64.ActiveCfg = Debug|Any CPU
		{FF6ACBB8-F181-444E-A659-5A182239C6C0}.AppStore|x64.Build.0 = Debug|Any CPU
		{FF6ACBB8-F181-444E-A659-5A182239C6C0}.AppStore|x86.ActiveCfg = Debug|Any CPU
		{FF6ACBB8-F181-444E-A659-5A182239C6C0}.AppStore|x86.Build.0 = Debug|Any CPU
		{FF6ACBB8-F181-444E-A659-5A182239C6C0}.Debug|Any CPU.ActiveCfg = Debug|Any CPU
		{FF6ACBB8-F181-444E-A659-5A182239C6C0}.Debug|Any CPU.Build.0 = Debug|Any CPU
		{FF6ACBB8-F181-444E-A659-5A182239C6C0}.Debug|ARM.ActiveCfg = Debug|Any CPU
		{FF6ACBB8-F181-444E-A659-5A182239C6C0}.Debug|ARM.Build.0 = Debug|Any CPU
		{FF6ACBB8-F181-444E-A659-5A182239C6C0}.Debug|iPhone.ActiveCfg = Debug|Any CPU
		{FF6ACBB8-F181-444E-A659-5A182239C6C0}.Debug|iPhone.Build.0 = Debug|Any CPU
		{FF6ACBB8-F181-444E-A659-5A182239C6C0}.Debug|iPhoneSimulator.ActiveCfg = Debug|Any CPU
		{FF6ACBB8-F181-444E-A659-5A182239C6C0}.Debug|iPhoneSimulator.Build.0 = Debug|Any CPU
		{FF6ACBB8-F181-444E-A659-5A182239C6C0}.Debug|x64.ActiveCfg = Debug|Any CPU
		{FF6ACBB8-F181-444E-A659-5A182239C6C0}.Debug|x64.Build.0 = Debug|Any CPU
		{FF6ACBB8-F181-444E-A659-5A182239C6C0}.Debug|x86.ActiveCfg = Debug|Any CPU
		{FF6ACBB8-F181-444E-A659-5A182239C6C0}.Debug|x86.Build.0 = Debug|Any CPU
		{FF6ACBB8-F181-444E-A659-5A182239C6C0}.Release|Any CPU.ActiveCfg = Release|Any CPU
		{FF6ACBB8-F181-444E-A659-5A182239C6C0}.Release|Any CPU.Build.0 = Release|Any CPU
		{FF6ACBB8-F181-444E-A659-5A182239C6C0}.Release|ARM.ActiveCfg = Release|Any CPU
		{FF6ACBB8-F181-444E-A659-5A182239C6C0}.Release|ARM.Build.0 = Release|Any CPU
		{FF6ACBB8-F181-444E-A659-5A182239C6C0}.Release|iPhone.ActiveCfg = Release|Any CPU
		{FF6ACBB8-F181-444E-A659-5A182239C6C0}.Release|iPhone.Build.0 = Release|Any CPU
		{FF6ACBB8-F181-444E-A659-5A182239C6C0}.Release|iPhoneSimulator.ActiveCfg = Release|Any CPU
		{FF6ACBB8-F181-444E-A659-5A182239C6C0}.Release|iPhoneSimulator.Build.0 = Release|Any CPU
		{FF6ACBB8-F181-444E-A659-5A182239C6C0}.Release|x64.ActiveCfg = Release|Any CPU
		{FF6ACBB8-F181-444E-A659-5A182239C6C0}.Release|x64.Build.0 = Release|Any CPU
		{FF6ACBB8-F181-444E-A659-5A182239C6C0}.Release|x86.ActiveCfg = Release|Any CPU
		{FF6ACBB8-F181-444E-A659-5A182239C6C0}.Release|x86.Build.0 = Release|Any CPU
	EndGlobalSection
	GlobalSection(SolutionProperties) = preSolution
		HideSolutionNode = FALSE
	EndGlobalSection
	GlobalSection(ExtensibilityGlobals) = postSolution
		SolutionGuid = {212C1B5B-704F-4D09-9FF5-432A26A4CDF5}
	EndGlobalSection
EndGlobal
