
Microsoft Visual Studio Solution File, Format Version 12.00
# Visual Studio Version 16
VisualStudioVersion = 16.0.30914.41
MinimumVisualStudioVersion = 10.0.40219.1
Project("{FAE04EC0-301F-11D3-BF4B-00C04F79EFBC}") = "MegaBox", "MegaBox\MegaBox\MegaBox.csproj", "{E7EF6AC8-909F-437C-BD1C-B8703B2BA5AA}"
EndProject
Project("{FAE04EC0-301F-11D3-BF4B-00C04F79EFBC}") = "MegaBox.UWP", "MegaBox\MegaBox.UWP\MegaBox.UWP.csproj", "{86F6720F-23BF-4159-861E-E920CAA82DF4}"
EndProject
Project("{FAE04EC0-301F-11D3-BF4B-00C04F79EFBC}") = "MegaLib", "MegaBox\MegaLib\MegaLib.csproj", "{F6AA9E4B-60F6-4E84-8825-F32D773E924E}"
EndProject
Global
	GlobalSection(SolutionConfigurationPlatforms) = preSolution
		Ad-Hoc|Any CPU = Ad-Hoc|Any CPU
		Ad-Hoc|ARM = Ad-Hoc|ARM
		Ad-Hoc|ARM64 = Ad-Hoc|ARM64
		Ad-Hoc|iPhone = Ad-Hoc|iPhone
		Ad-Hoc|iPhoneSimulator = Ad-Hoc|iPhoneSimulator
		Ad-Hoc|x64 = Ad-Hoc|x64
		Ad-Hoc|x86 = Ad-Hoc|x86
		AppStore|Any CPU = AppStore|Any CPU
		AppStore|ARM = AppStore|ARM
		AppStore|ARM64 = AppStore|ARM64
		AppStore|iPhone = AppStore|iPhone
		AppStore|iPhoneSimulator = AppStore|iPhoneSimulator
		AppStore|x64 = AppStore|x64
		AppStore|x86 = AppStore|x86
		Debug|Any CPU = Debug|Any CPU
		Debug|ARM = Debug|ARM
		Debug|ARM64 = Debug|ARM64
		Debug|iPhone = Debug|iPhone
		Debug|iPhoneSimulator = Debug|iPhoneSimulator
		Debug|x64 = Debug|x64
		Debug|x86 = Debug|x86
		Release|Any CPU = Release|Any CPU
		Release|ARM = Release|ARM
		Release|ARM64 = Release|ARM64
		Release|iPhone = Release|iPhone
		Release|iPhoneSimulator = Release|iPhoneSimulator
		Release|x64 = Release|x64
		Release|x86 = Release|x86
	EndGlobalSection
	GlobalSection(ProjectConfigurationPlatforms) = postSolution
		{E7EF6AC8-909F-437C-BD1C-B8703B2BA5AA}.Ad-Hoc|Any CPU.ActiveCfg = Release|Any CPU
		{E7EF6AC8-909F-437C-BD1C-B8703B2BA5AA}.Ad-Hoc|Any CPU.Build.0 = Release|Any CPU
		{E7EF6AC8-909F-437C-BD1C-B8703B2BA5AA}.Ad-Hoc|ARM.ActiveCfg = Release|Any CPU
		{E7EF6AC8-909F-437C-BD1C-B8703B2BA5AA}.Ad-Hoc|ARM.Build.0 = Release|Any CPU
		{E7EF6AC8-909F-437C-BD1C-B8703B2BA5AA}.Ad-Hoc|ARM64.ActiveCfg = Debug|Any CPU
		{E7EF6AC8-909F-437C-BD1C-B8703B2BA5AA}.Ad-Hoc|ARM64.Build.0 = Debug|Any CPU
		{E7EF6AC8-909F-437C-BD1C-B8703B2BA5AA}.Ad-Hoc|iPhone.ActiveCfg = Release|Any CPU
		{E7EF6AC8-909F-437C-BD1C-B8703B2BA5AA}.Ad-Hoc|iPhone.Build.0 = Release|Any CPU
		{E7EF6AC8-909F-437C-BD1C-B8703B2BA5AA}.Ad-Hoc|iPhoneSimulator.ActiveCfg = Release|Any CPU
		{E7EF6AC8-909F-437C-BD1C-B8703B2BA5AA}.Ad-Hoc|iPhoneSimulator.Build.0 = Release|Any CPU
		{E7EF6AC8-909F-437C-BD1C-B8703B2BA5AA}.Ad-Hoc|x64.ActiveCfg = Release|Any CPU
		{E7EF6AC8-909F-437C-BD1C-B8703B2BA5AA}.Ad-Hoc|x64.Build.0 = Release|Any CPU
		{E7EF6AC8-909F-437C-BD1C-B8703B2BA5AA}.Ad-Hoc|x86.ActiveCfg = Release|Any CPU
		{E7EF6AC8-909F-437C-BD1C-B8703B2BA5AA}.Ad-Hoc|x86.Build.0 = Release|Any CPU
		{E7EF6AC8-909F-437C-BD1C-B8703B2BA5AA}.AppStore|Any CPU.ActiveCfg = Release|Any CPU
		{E7EF6AC8-909F-437C-BD1C-B8703B2BA5AA}.AppStore|Any CPU.Build.0 = Release|Any CPU
		{E7EF6AC8-909F-437C-BD1C-B8703B2BA5AA}.AppStore|ARM.ActiveCfg = Release|Any CPU
		{E7EF6AC8-909F-437C-BD1C-B8703B2BA5AA}.AppStore|ARM.Build.0 = Release|Any CPU
		{E7EF6AC8-909F-437C-BD1C-B8703B2BA5AA}.AppStore|ARM64.ActiveCfg = Debug|Any CPU
		{E7EF6AC8-909F-437C-BD1C-B8703B2BA5AA}.AppStore|ARM64.Build.0 = Debug|Any CPU
		{E7EF6AC8-909F-437C-BD1C-B8703B2BA5AA}.AppStore|iPhone.ActiveCfg = Release|Any CPU
		{E7EF6AC8-909F-437C-BD1C-B8703B2BA5AA}.AppStore|iPhone.Build.0 = Release|Any CPU
		{E7EF6AC8-909F-437C-BD1C-B8703B2BA5AA}.AppStore|iPhoneSimulator.ActiveCfg = Release|Any CPU
		{E7EF6AC8-909F-437C-BD1C-B8703B2BA5AA}.AppStore|iPhoneSimulator.Build.0 = Release|Any CPU
		{E7EF6AC8-909F-437C-BD1C-B8703B2BA5AA}.AppStore|x64.ActiveCfg = Release|Any CPU
		{E7EF6AC8-909F-437C-BD1C-B8703B2BA5AA}.AppStore|x64.Build.0 = Release|Any CPU
		{E7EF6AC8-909F-437C-BD1C-B8703B2BA5AA}.AppStore|x86.ActiveCfg = Release|Any CPU
		{E7EF6AC8-909F-437C-BD1C-B8703B2BA5AA}.AppStore|x86.Build.0 = Release|Any CPU
		{E7EF6AC8-909F-437C-BD1C-B8703B2BA5AA}.Debug|Any CPU.ActiveCfg = Debug|Any CPU
		{E7EF6AC8-909F-437C-BD1C-B8703B2BA5AA}.Debug|Any CPU.Build.0 = Debug|Any CPU
		{E7EF6AC8-909F-437C-BD1C-B8703B2BA5AA}.Debug|ARM.ActiveCfg = Debug|Any CPU
		{E7EF6AC8-909F-437C-BD1C-B8703B2BA5AA}.Debug|ARM.Build.0 = Debug|Any CPU
		{E7EF6AC8-909F-437C-BD1C-B8703B2BA5AA}.Debug|ARM64.ActiveCfg = Debug|Any CPU
		{E7EF6AC8-909F-437C-BD1C-B8703B2BA5AA}.Debug|ARM64.Build.0 = Debug|Any CPU
		{E7EF6AC8-909F-437C-BD1C-B8703B2BA5AA}.Debug|iPhone.ActiveCfg = Debug|Any CPU
		{E7EF6AC8-909F-437C-BD1C-B8703B2BA5AA}.Debug|iPhone.Build.0 = Debug|Any CPU
		{E7EF6AC8-909F-437C-BD1C-B8703B2BA5AA}.Debug|iPhoneSimulator.ActiveCfg = Debug|Any CPU
		{E7EF6AC8-909F-437C-BD1C-B8703B2BA5AA}.Debug|iPhoneSimulator.Build.0 = Debug|Any CPU
		{E7EF6AC8-909F-437C-BD1C-B8703B2BA5AA}.Debug|x64.ActiveCfg = Debug|Any CPU
		{E7EF6AC8-909F-437C-BD1C-B8703B2BA5AA}.Debug|x64.Build.0 = Debug|Any CPU
		{E7EF6AC8-909F-437C-BD1C-B8703B2BA5AA}.Debug|x86.ActiveCfg = Debug|Any CPU
		{E7EF6AC8-909F-437C-BD1C-B8703B2BA5AA}.Debug|x86.Build.0 = Debug|Any CPU
		{E7EF6AC8-909F-437C-BD1C-B8703B2BA5AA}.Release|Any CPU.ActiveCfg = Release|Any CPU
		{E7EF6AC8-909F-437C-BD1C-B8703B2BA5AA}.Release|Any CPU.Build.0 = Release|Any CPU
		{E7EF6AC8-909F-437C-BD1C-B8703B2BA5AA}.Release|ARM.ActiveCfg = Release|Any CPU
		{E7EF6AC8-909F-437C-BD1C-B8703B2BA5AA}.Release|ARM.Build.0 = Release|Any CPU
		{E7EF6AC8-909F-437C-BD1C-B8703B2BA5AA}.Release|ARM64.ActiveCfg = Release|Any CPU
		{E7EF6AC8-909F-437C-BD1C-B8703B2BA5AA}.Release|ARM64.Build.0 = Release|Any CPU
		{E7EF6AC8-909F-437C-BD1C-B8703B2BA5AA}.Release|iPhone.ActiveCfg = Release|Any CPU
		{E7EF6AC8-909F-437C-BD1C-B8703B2BA5AA}.Release|iPhone.Build.0 = Release|Any CPU
		{E7EF6AC8-909F-437C-BD1C-B8703B2BA5AA}.Release|iPhoneSimulator.ActiveCfg = Release|Any CPU
		{E7EF6AC8-909F-437C-BD1C-B8703B2BA5AA}.Release|iPhoneSimulator.Build.0 = Release|Any CPU
		{E7EF6AC8-909F-437C-BD1C-B8703B2BA5AA}.Release|x64.ActiveCfg = Release|Any CPU
		{E7EF6AC8-909F-437C-BD1C-B8703B2BA5AA}.Release|x64.Build.0 = Release|Any CPU
		{E7EF6AC8-909F-437C-BD1C-B8703B2BA5AA}.Release|x86.ActiveCfg = Release|Any CPU
		{E7EF6AC8-909F-437C-BD1C-B8703B2BA5AA}.Release|x86.Build.0 = Release|Any CPU
		{86F6720F-23BF-4159-861E-E920CAA82DF4}.Ad-Hoc|Any CPU.ActiveCfg = Release|x86
		{86F6720F-23BF-4159-861E-E920CAA82DF4}.Ad-Hoc|Any CPU.Build.0 = Release|x86
		{86F6720F-23BF-4159-861E-E920CAA82DF4}.Ad-Hoc|Any CPU.Deploy.0 = Release|x86
		{86F6720F-23BF-4159-861E-E920CAA82DF4}.Ad-Hoc|ARM.ActiveCfg = Release|ARM
		{86F6720F-23BF-4159-861E-E920CAA82DF4}.Ad-Hoc|ARM.Build.0 = Release|ARM
		{86F6720F-23BF-4159-861E-E920CAA82DF4}.Ad-Hoc|ARM.Deploy.0 = Release|ARM
		{86F6720F-23BF-4159-861E-E920CAA82DF4}.Ad-Hoc|ARM64.ActiveCfg = Debug|x64
		{86F6720F-23BF-4159-861E-E920CAA82DF4}.Ad-Hoc|ARM64.Build.0 = Debug|x64
		{86F6720F-23BF-4159-861E-E920CAA82DF4}.Ad-Hoc|ARM64.Deploy.0 = Debug|x64
		{86F6720F-23BF-4159-861E-E920CAA82DF4}.Ad-Hoc|iPhone.ActiveCfg = Release|x86
		{86F6720F-23BF-4159-861E-E920CAA82DF4}.Ad-Hoc|iPhone.Build.0 = Release|x86
		{86F6720F-23BF-4159-861E-E920CAA82DF4}.Ad-Hoc|iPhone.Deploy.0 = Release|x86
		{86F6720F-23BF-4159-861E-E920CAA82DF4}.Ad-Hoc|iPhoneSimulator.ActiveCfg = Release|x86
		{86F6720F-23BF-4159-861E-E920CAA82DF4}.Ad-Hoc|iPhoneSimulator.Build.0 = Release|x86
		{86F6720F-23BF-4159-861E-E920CAA82DF4}.Ad-Hoc|iPhoneSimulator.Deploy.0 = Release|x86
		{86F6720F-23BF-4159-861E-E920CAA82DF4}.Ad-Hoc|x64.ActiveCfg = Release|x64
		{86F6720F-23BF-4159-861E-E920CAA82DF4}.Ad-Hoc|x64.Build.0 = Release|x64
		{86F6720F-23BF-4159-861E-E920CAA82DF4}.Ad-Hoc|x64.Deploy.0 = Release|x64
		{86F6720F-23BF-4159-861E-E920CAA82DF4}.Ad-Hoc|x86.ActiveCfg = Release|x86
		{86F6720F-23BF-4159-861E-E920CAA82DF4}.Ad-Hoc|x86.Build.0 = Release|x86
		{86F6720F-23BF-4159-861E-E920CAA82DF4}.Ad-Hoc|x86.Deploy.0 = Release|x86
		{86F6720F-23BF-4159-861E-E920CAA82DF4}.AppStore|Any CPU.ActiveCfg = Release|x86
		{86F6720F-23BF-4159-861E-E920CAA82DF4}.AppStore|Any CPU.Build.0 = Release|x86
		{86F6720F-23BF-4159-861E-E920CAA82DF4}.AppStore|Any CPU.Deploy.0 = Release|x86
		{86F6720F-23BF-4159-861E-E920CAA82DF4}.AppStore|ARM.ActiveCfg = Release|ARM
		{86F6720F-23BF-4159-861E-E920CAA82DF4}.AppStore|ARM.Build.0 = Release|ARM
		{86F6720F-23BF-4159-861E-E920CAA82DF4}.AppStore|ARM.Deploy.0 = Release|ARM
		{86F6720F-23BF-4159-861E-E920CAA82DF4}.AppStore|ARM64.ActiveCfg = Debug|x64
		{86F6720F-23BF-4159-861E-E920CAA82DF4}.AppStore|ARM64.Build.0 = Debug|x64
		{86F6720F-23BF-4159-861E-E920CAA82DF4}.AppStore|ARM64.Deploy.0 = Debug|x64
		{86F6720F-23BF-4159-861E-E920CAA82DF4}.AppStore|iPhone.ActiveCfg = Release|x86
		{86F6720F-23BF-4159-861E-E920CAA82DF4}.AppStore|iPhone.Build.0 = Release|x86
		{86F6720F-23BF-4159-861E-E920CAA82DF4}.AppStore|iPhone.Deploy.0 = Release|x86
		{86F6720F-23BF-4159-861E-E920CAA82DF4}.AppStore|iPhoneSimulator.ActiveCfg = Release|x86
		{86F6720F-23BF-4159-861E-E920CAA82DF4}.AppStore|iPhoneSimulator.Build.0 = Release|x86
		{86F6720F-23BF-4159-861E-E920CAA82DF4}.AppStore|iPhoneSimulator.Deploy.0 = Release|x86
		{86F6720F-23BF-4159-861E-E920CAA82DF4}.AppStore|x64.ActiveCfg = Release|x64
		{86F6720F-23BF-4159-861E-E920CAA82DF4}.AppStore|x64.Build.0 = Release|x64
		{86F6720F-23BF-4159-861E-E920CAA82DF4}.AppStore|x64.Deploy.0 = Release|x64
		{86F6720F-23BF-4159-861E-E920CAA82DF4}.AppStore|x86.ActiveCfg = Release|x86
		{86F6720F-23BF-4159-861E-E920CAA82DF4}.AppStore|x86.Build.0 = Release|x86
		{86F6720F-23BF-4159-861E-E920CAA82DF4}.AppStore|x86.Deploy.0 = Release|x86
		{86F6720F-23BF-4159-861E-E920CAA82DF4}.Debug|Any CPU.ActiveCfg = Debug|x86
		{86F6720F-23BF-4159-861E-E920CAA82DF4}.Debug|Any CPU.Build.0 = Debug|x86
		{86F6720F-23BF-4159-861E-E920CAA82DF4}.Debug|Any CPU.Deploy.0 = Debug|x86
		{86F6720F-23BF-4159-861E-E920CAA82DF4}.Debug|ARM.ActiveCfg = Debug|ARM
		{86F6720F-23BF-4159-861E-E920CAA82DF4}.Debug|ARM.Build.0 = Debug|ARM
		{86F6720F-23BF-4159-861E-E920CAA82DF4}.Debug|ARM.Deploy.0 = Debug|ARM
		{86F6720F-23BF-4159-861E-E920CAA82DF4}.Debug|ARM64.ActiveCfg = Debug|x86
		{86F6720F-23BF-4159-861E-E920CAA82DF4}.Debug|iPhone.ActiveCfg = Debug|x86
		{86F6720F-23BF-4159-861E-E920CAA82DF4}.Debug|iPhoneSimulator.ActiveCfg = Debug|x86
		{86F6720F-23BF-4159-861E-E920CAA82DF4}.Debug|x64.ActiveCfg = Debug|x64
		{86F6720F-23BF-4159-861E-E920CAA82DF4}.Debug|x64.Build.0 = Debug|x64
		{86F6720F-23BF-4159-861E-E920CAA82DF4}.Debug|x64.Deploy.0 = Debug|x64
		{86F6720F-23BF-4159-861E-E920CAA82DF4}.Debug|x86.ActiveCfg = Debug|x86
		{86F6720F-23BF-4159-861E-E920CAA82DF4}.Debug|x86.Build.0 = Debug|x86
		{86F6720F-23BF-4159-861E-E920CAA82DF4}.Debug|x86.Deploy.0 = Debug|x86
		{86F6720F-23BF-4159-861E-E920CAA82DF4}.Release|Any CPU.ActiveCfg = Release|x86
		{86F6720F-23BF-4159-861E-E920CAA82DF4}.Release|ARM.ActiveCfg = Release|ARM
		{86F6720F-23BF-4159-861E-E920CAA82DF4}.Release|ARM.Build.0 = Release|ARM
		{86F6720F-23BF-4159-861E-E920CAA82DF4}.Release|ARM.Deploy.0 = Release|ARM
		{86F6720F-23BF-4159-861E-E920CAA82DF4}.Release|ARM64.ActiveCfg = Release|x86
		{86F6720F-23BF-4159-861E-E920CAA82DF4}.Release|iPhone.ActiveCfg = Release|x86
		{86F6720F-23BF-4159-861E-E920CAA82DF4}.Release|iPhoneSimulator.ActiveCfg = Release|x86
		{86F6720F-23BF-4159-861E-E920CAA82DF4}.Release|x64.ActiveCfg = Release|x64
		{86F6720F-23BF-4159-861E-E920CAA82DF4}.Release|x64.Build.0 = Release|x64
		{86F6720F-23BF-4159-861E-E920CAA82DF4}.Release|x64.Deploy.0 = Release|x64
		{86F6720F-23BF-4159-861E-E920CAA82DF4}.Release|x86.ActiveCfg = Release|x86
		{86F6720F-23BF-4159-861E-E920CAA82DF4}.Release|x86.Build.0 = Release|x86
		{86F6720F-23BF-4159-861E-E920CAA82DF4}.Release|x86.Deploy.0 = Release|x86
		{F6AA9E4B-60F6-4E84-8825-F32D773E924E}.Ad-Hoc|Any CPU.ActiveCfg = Debug|Any CPU
		{F6AA9E4B-60F6-4E84-8825-F32D773E924E}.Ad-Hoc|Any CPU.Build.0 = Debug|Any CPU
		{F6AA9E4B-60F6-4E84-8825-F32D773E924E}.Ad-Hoc|ARM.ActiveCfg = Debug|ARM
		{F6AA9E4B-60F6-4E84-8825-F32D773E924E}.Ad-Hoc|ARM.Build.0 = Debug|ARM
		{F6AA9E4B-60F6-4E84-8825-F32D773E924E}.Ad-Hoc|ARM64.ActiveCfg = Debug|ARM64
		{F6AA9E4B-60F6-4E84-8825-F32D773E924E}.Ad-Hoc|ARM64.Build.0 = Debug|ARM64
		{F6AA9E4B-60F6-4E84-8825-F32D773E924E}.Ad-Hoc|iPhone.ActiveCfg = Debug|Any CPU
		{F6AA9E4B-60F6-4E84-8825-F32D773E924E}.Ad-Hoc|iPhone.Build.0 = Debug|Any CPU
		{F6AA9E4B-60F6-4E84-8825-F32D773E924E}.Ad-Hoc|iPhoneSimulator.ActiveCfg = Debug|Any CPU
		{F6AA9E4B-60F6-4E84-8825-F32D773E924E}.Ad-Hoc|iPhoneSimulator.Build.0 = Debug|Any CPU
		{F6AA9E4B-60F6-4E84-8825-F32D773E924E}.Ad-Hoc|x64.ActiveCfg = Debug|x64
		{F6AA9E4B-60F6-4E84-8825-F32D773E924E}.Ad-Hoc|x64.Build.0 = Debug|x64
		{F6AA9E4B-60F6-4E84-8825-F32D773E924E}.Ad-Hoc|x86.ActiveCfg = Debug|x86
		{F6AA9E4B-60F6-4E84-8825-F32D773E924E}.Ad-Hoc|x86.Build.0 = Debug|x86
		{F6AA9E4B-60F6-4E84-8825-F32D773E924E}.AppStore|Any CPU.ActiveCfg = Debug|Any CPU
		{F6AA9E4B-60F6-4E84-8825-F32D773E924E}.AppStore|Any CPU.Build.0 = Debug|Any CPU
		{F6AA9E4B-60F6-4E84-8825-F32D773E924E}.AppStore|ARM.ActiveCfg = Debug|ARM
		{F6AA9E4B-60F6-4E84-8825-F32D773E924E}.AppStore|ARM.Build.0 = Debug|ARM
		{F6AA9E4B-60F6-4E84-8825-F32D773E924E}.AppStore|ARM64.ActiveCfg = Debug|ARM64
		{F6AA9E4B-60F6-4E84-8825-F32D773E924E}.AppStore|ARM64.Build.0 = Debug|ARM64
		{F6AA9E4B-60F6-4E84-8825-F32D773E924E}.AppStore|iPhone.ActiveCfg = Debug|Any CPU
		{F6AA9E4B-60F6-4E84-8825-F32D773E924E}.AppStore|iPhone.Build.0 = Debug|Any CPU
		{F6AA9E4B-60F6-4E84-8825-F32D773E924E}.AppStore|iPhoneSimulator.ActiveCfg = Debug|Any CPU
		{F6AA9E4B-60F6-4E84-8825-F32D773E924E}.AppStore|iPhoneSimulator.Build.0 = Debug|Any CPU
		{F6AA9E4B-60F6-4E84-8825-F32D773E924E}.AppStore|x64.ActiveCfg = Debug|x64
		{F6AA9E4B-60F6-4E84-8825-F32D773E924E}.AppStore|x64.Build.0 = Debug|x64
		{F6AA9E4B-60F6-4E84-8825-F32D773E924E}.AppStore|x86.ActiveCfg = Debug|x86
		{F6AA9E4B-60F6-4E84-8825-F32D773E924E}.AppStore|x86.Build.0 = Debug|x86
		{F6AA9E4B-60F6-4E84-8825-F32D773E924E}.Debug|Any CPU.ActiveCfg = Debug|Any CPU
		{F6AA9E4B-60F6-4E84-8825-F32D773E924E}.Debug|Any CPU.Build.0 = Debug|Any CPU
		{F6AA9E4B-60F6-4E84-8825-F32D773E924E}.Debug|ARM.ActiveCfg = Debug|ARM
		{F6AA9E4B-60F6-4E84-8825-F32D773E924E}.Debug|ARM.Build.0 = Debug|ARM
		{F6AA9E4B-60F6-4E84-8825-F32D773E924E}.Debug|ARM64.ActiveCfg = Debug|ARM64
		{F6AA9E4B-60F6-4E84-8825-F32D773E924E}.Debug|ARM64.Build.0 = Debug|ARM64
		{F6AA9E4B-60F6-4E84-8825-F32D773E924E}.Debug|iPhone.ActiveCfg = Debug|Any CPU
		{F6AA9E4B-60F6-4E84-8825-F32D773E924E}.Debug|iPhone.Build.0 = Debug|Any CPU
		{F6AA9E4B-60F6-4E84-8825-F32D773E924E}.Debug|iPhoneSimulator.ActiveCfg = Debug|Any CPU
		{F6AA9E4B-60F6-4E84-8825-F32D773E924E}.Debug|iPhoneSimulator.Build.0 = Debug|Any CPU
		{F6AA9E4B-60F6-4E84-8825-F32D773E924E}.Debug|x64.ActiveCfg = Debug|x64
		{F6AA9E4B-60F6-4E84-8825-F32D773E924E}.Debug|x64.Build.0 = Debug|x64
		{F6AA9E4B-60F6-4E84-8825-F32D773E924E}.Debug|x86.ActiveCfg = Debug|x86
		{F6AA9E4B-60F6-4E84-8825-F32D773E924E}.Debug|x86.Build.0 = Debug|x86
		{F6AA9E4B-60F6-4E84-8825-F32D773E924E}.Release|Any CPU.ActiveCfg = Release|Any CPU
		{F6AA9E4B-60F6-4E84-8825-F32D773E924E}.Release|Any CPU.Build.0 = Release|Any CPU
		{F6AA9E4B-60F6-4E84-8825-F32D773E924E}.Release|ARM.ActiveCfg = Release|ARM
		{F6AA9E4B-60F6-4E84-8825-F32D773E924E}.Release|ARM.Build.0 = Release|ARM
		{F6AA9E4B-60F6-4E84-8825-F32D773E924E}.Release|ARM64.ActiveCfg = Release|ARM64
		{F6AA9E4B-60F6-4E84-8825-F32D773E924E}.Release|ARM64.Build.0 = Release|ARM64
		{F6AA9E4B-60F6-4E84-8825-F32D773E924E}.Release|iPhone.ActiveCfg = Release|Any CPU
		{F6AA9E4B-60F6-4E84-8825-F32D773E924E}.Release|iPhone.Build.0 = Release|Any CPU
		{F6AA9E4B-60F6-4E84-8825-F32D773E924E}.Release|iPhoneSimulator.ActiveCfg = Release|Any CPU
		{F6AA9E4B-60F6-4E84-8825-F32D773E924E}.Release|iPhoneSimulator.Build.0 = Release|Any CPU
		{F6AA9E4B-60F6-4E84-8825-F32D773E924E}.Release|x64.ActiveCfg = Release|x64
		{F6AA9E4B-60F6-4E84-8825-F32D773E924E}.Release|x64.Build.0 = Release|x64
		{F6AA9E4B-60F6-4E84-8825-F32D773E924E}.Release|x86.ActiveCfg = Release|x86
		{F6AA9E4B-60F6-4E84-8825-F32D773E924E}.Release|x86.Build.0 = Release|x86
	EndGlobalSection
	GlobalSection(SolutionProperties) = preSolution
		HideSolutionNode = FALSE
	EndGlobalSection
	GlobalSection(ExtensibilityGlobals) = postSolution
		SolutionGuid = {3035B511-79EB-422B-9405-5581076EA56B}
	EndGlobalSection
EndGlobal
